
Microsoft Visual Studio Solution File, Format Version 12.00
# Visual Studio Version 17
VisualStudioVersion = 17.14.36511.14
MinimumVisualStudioVersion = 10.0.40219.1
Project("{FAE04EC0-301F-11D3-BF4B-00C04F79EFBC}") = "Livraria.Domain", "Livraria.Domain\Livraria.Domain.csproj", "{B431C752-F8B0-406C-AFD4-289084C31CC4}"
EndProject
Project("{FAE04EC0-301F-11D3-BF4B-00C04F79EFBC}") = "Livraria.Application", "Livraria.Application\Livraria.Application.csproj", "{14E35C04-0B55-43B4-B454-BC11ACFDB5B8}"
EndProject
Project("{FAE04EC0-301F-11D3-BF4B-00C04F79EFBC}") = "Livraria.IoC", "Livraria.IoC\Livraria.IoC.csproj", "{112BC026-8FC4-4E6B-817B-7E30E7A8D98D}"
EndProject
Project("{FAE04EC0-301F-11D3-BF4B-00C04F79EFBC}") = "Livraria.API", "Livraria.API\Livraria.API.csproj", "{17580D0A-0C18-420B-898D-EDE5D50A2CA0}"
EndProject
Project("{FAE04EC0-301F-11D3-BF4B-00C04F79EFBC}") = "Livraria.Infrasctructure", "Livraria.Infrasctructure\Livraria.Infrasctructure.csproj", "{19B46C70-5B55-4A9F-9EF5-1450E2887E16}"
EndProject
Global
	GlobalSection(SolutionConfigurationPlatforms) = preSolution
		Debug|Any CPU = Debug|Any CPU
		Release|Any CPU = Release|Any CPU
	EndGlobalSection
	GlobalSection(ProjectConfigurationPlatforms) = postSolution
		{B431C752-F8B0-406C-AFD4-289084C31CC4}.Debug|Any CPU.ActiveCfg = Debug|Any CPU
		{B431C752-F8B0-406C-AFD4-289084C31CC4}.Debug|Any CPU.Build.0 = Debug|Any CPU
		{B431C752-F8B0-406C-AFD4-289084C31CC4}.Release|Any CPU.ActiveCfg = Release|Any CPU
		{B431C752-F8B0-406C-AFD4-289084C31CC4}.Release|Any CPU.Build.0 = Release|Any CPU
		{14E35C04-0B55-43B4-B454-BC11ACFDB5B8}.Debug|Any CPU.ActiveCfg = Debug|Any CPU
		{14E35C04-0B55-43B4-B454-BC11ACFDB5B8}.Debug|Any CPU.Build.0 = Debug|Any CPU
		{14E35C04-0B55-43B4-B454-BC11ACFDB5B8}.Release|Any CPU.ActiveCfg = Release|Any CPU
		{14E35C04-0B55-43B4-B454-BC11ACFDB5B8}.Release|Any CPU.Build.0 = Release|Any CPU
		{112BC026-8FC4-4E6B-817B-7E30E7A8D98D}.Debug|Any CPU.ActiveCfg = Debug|Any CPU
		{112BC026-8FC4-4E6B-817B-7E30E7A8D98D}.Debug|Any CPU.Build.0 = Debug|Any CPU
		{112BC026-8FC4-4E6B-817B-7E30E7A8D98D}.Release|Any CPU.ActiveCfg = Release|Any CPU
		{112BC026-8FC4-4E6B-817B-7E30E7A8D98D}.Release|Any CPU.Build.0 = Release|Any CPU
		{17580D0A-0C18-420B-898D-EDE5D50A2CA0}.Debug|Any CPU.ActiveCfg = Debug|Any CPU
		{17580D0A-0C18-420B-898D-EDE5D50A2CA0}.Debug|Any CPU.Build.0 = Debug|Any CPU
		{17580D0A-0C18-420B-898D-EDE5D50A2CA0}.Release|Any CPU.ActiveCfg = Release|Any CPU
		{17580D0A-0C18-420B-898D-EDE5D50A2CA0}.Release|Any CPU.Build.0 = Release|Any CPU
		{19B46C70-5B55-4A9F-9EF5-1450E2887E16}.Debug|Any CPU.ActiveCfg = Debug|Any CPU
		{19B46C70-5B55-4A9F-9EF5-1450E2887E16}.Debug|Any CPU.Build.0 = Debug|Any CPU
		{19B46C70-5B55-4A9F-9EF5-1450E2887E16}.Release|Any CPU.ActiveCfg = Release|Any CPU
		{19B46C70-5B55-4A9F-9EF5-1450E2887E16}.Release|Any CPU.Build.0 = Release|Any CPU
	EndGlobalSection
	GlobalSection(SolutionProperties) = preSolution
		HideSolutionNode = FALSE
	EndGlobalSection
	GlobalSection(ExtensibilityGlobals) = postSolution
		SolutionGuid = {4394AB56-EC7D-486B-9B89-85FCD877DA45}
	EndGlobalSection
EndGlobal
